// !$*UTF8*$!
{
	archiveVersion = 1;
	classes = {
	};
	objectVersion = 50;
	objects = {

/* Begin PBXBuildFile section */
		4B2C37A140FC81B558ABBD78 /* libPods-AFNetworkingDemo.a in Frameworks */ = {isa = PBXBuildFile; fileRef = 8FBD0283E5FE6303680CEF28 /* libPods-AFNetworkingDemo.a */; };
		FAABC7DF217DD8AD0020F97D /* AppDelegate.m in Sources */ = {isa = PBXBuildFile; fileRef = FAABC7DE217DD8AD0020F97D /* AppDelegate.m */; };
		FAABC7E2217DD8AD0020F97D /* ViewController.m in Sources */ = {isa = PBXBuildFile; fileRef = FAABC7E1217DD8AD0020F97D /* ViewController.m */; };
		FAABC7E5217DD8AE0020F97D /* Main.storyboard in Resources */ = {isa = PBXBuildFile; fileRef = FAABC7E3217DD8AD0020F97D /* Main.storyboard */; };
		FAABC7E7217DD8AF0020F97D /* Assets.xcassets in Resources */ = {isa = PBXBuildFile; fileRef = FAABC7E6217DD8AF0020F97D /* Assets.xcassets */; };
		FAABC7EA217DD8AF0020F97D /* LaunchScreen.storyboard in Resources */ = {isa = PBXBuildFile; fileRef = FAABC7E8217DD8AF0020F97D /* LaunchScreen.storyboard */; };
		FAABC7ED217DD8AF0020F97D /* main.m in Sources */ = {isa = PBXBuildFile; fileRef = FAABC7EC217DD8AF0020F97D /* main.m */; };
		FAABC7F6217DDACC0020F97D /* AFNetwork.m in Sources */ = {isa = PBXBuildFile; fileRef = FAABC7F5217DDACC0020F97D /* AFNetwork.m */; };
		FAABC7F9217EAFC30020F97D /* AFNetworkHandle.m in Sources */ = {isa = PBXBuildFile; fileRef = FAABC7F8217EAFC30020F97D /* AFNetworkHandle.m */; };
/* End PBXBuildFile section */

/* Begin PBXFileReference section */
		086CE6DEC4D4ACCDA751E310 /* Pods-AFNetworkingDemo.debug.xcconfig */ = {isa = PBXFileReference; includeInIndex = 1; lastKnownFileType = text.xcconfig; name = "Pods-AFNetworkingDemo.debug.xcconfig"; path = "Pods/Target Support Files/Pods-AFNetworkingDemo/Pods-AFNetworkingDemo.debug.xcconfig"; sourceTree = "<group>"; };
		8FBD0283E5FE6303680CEF28 /* libPods-AFNetworkingDemo.a */ = {isa = PBXFileReference; explicitFileType = archive.ar; includeInIndex = 0; path = "libPods-AFNetworkingDemo.a"; sourceTree = BUILT_PRODUCTS_DIR; };
		98FA90CD7AF9593DB6A5F417 /* Pods-AFNetworkingDemo.release.xcconfig */ = {isa = PBXFileReference; includeInIndex = 1; lastKnownFileType = text.xcconfig; name = "Pods-AFNetworkingDemo.release.xcconfig"; path = "Pods/Target Support Files/Pods-AFNetworkingDemo/Pods-AFNetworkingDemo.release.xcconfig"; sourceTree = "<group>"; };
		FAABC7DA217DD8AD0020F97D /* AFNetworkingDemo.app */ = {isa = PBXFileReference; explicitFileType = wrapper.application; includeInIndex = 0; path = AFNetworkingDemo.app; sourceTree = BUILT_PRODUCTS_DIR; };
		FAABC7DD217DD8AD0020F97D /* AppDelegate.h */ = {isa = PBXFileReference; lastKnownFileType = sourcecode.c.h; path = AppDelegate.h; sourceTree = "<group>"; };
		FAABC7DE217DD8AD0020F97D /* AppDelegate.m */ = {isa = PBXFileReference; lastKnownFileType = sourcecode.c.objc; path = AppDelegate.m; sourceTree = "<group>"; };
		FAABC7E0217DD8AD0020F97D /* ViewController.h */ = {isa = PBXFileReference; lastKnownFileType = sourcecode.c.h; path = ViewController.h; sourceTree = "<group>"; };
		FAABC7E1217DD8AD0020F97D /* ViewController.m */ = {isa = PBXFileReference; lastKnownFileType = sourcecode.c.objc; path = ViewController.m; sourceTree = "<group>"; };
		FAABC7E4217DD8AD0020F97D /* Base */ = {isa = PBXFileReference; lastKnownFileType = file.storyboard; name = Base; path = Base.lproj/Main.storyboard; sourceTree = "<group>"; };
		FAABC7E6217DD8AF0020F97D /* Assets.xcassets */ = {isa = PBXFileReference; lastKnownFileType = folder.assetcatalog; path = Assets.xcassets; sourceTree = "<group>"; };
		FAABC7E9217DD8AF0020F97D /* Base */ = {isa = PBXFileReference; lastKnownFileType = file.storyboard; name = Base; path = Base.lproj/LaunchScreen.storyboard; sourceTree = "<group>"; };
		FAABC7EB217DD8AF0020F97D /* Info.plist */ = {isa = PBXFileReference; lastKnownFileType = text.plist.xml; path = Info.plist; sourceTree = "<group>"; };
		FAABC7EC217DD8AF0020F97D /* main.m */ = {isa = PBXFileReference; lastKnownFileType = sourcecode.c.objc; path = main.m; sourceTree = "<group>"; };
		FAABC7F4217DDACC0020F97D /* AFNetwork.h */ = {isa = PBXFileReference; lastKnownFileType = sourcecode.c.h; path = AFNetwork.h; sourceTree = "<group>"; };
		FAABC7F5217DDACC0020F97D /* AFNetwork.m */ = {isa = PBXFileReference; lastKnownFileType = sourcecode.c.objc; path = AFNetwork.m; sourceTree = "<group>"; };
		FAABC7F7217EAFC30020F97D /* AFNetworkHandle.h */ = {isa = PBXFileReference; lastKnownFileType = sourcecode.c.h; path = AFNetworkHandle.h; sourceTree = "<group>"; };
		FAABC7F8217EAFC30020F97D /* AFNetworkHandle.m */ = {isa = PBXFileReference; lastKnownFileType = sourcecode.c.objc; path = AFNetworkHandle.m; sourceTree = "<group>"; };
/* End PBXFileReference section */

/* Begin PBXFrameworksBuildPhase section */
		FAABC7D7217DD8AD0020F97D /* Frameworks */ = {
			isa = PBXFrameworksBuildPhase;
			buildActionMask = 2147483647;
			files = (
				4B2C37A140FC81B558ABBD78 /* libPods-AFNetworkingDemo.a in Frameworks */,
			);
			runOnlyForDeploymentPostprocessing = 0;
		};
/* End PBXFrameworksBuildPhase section */

/* Begin PBXGroup section */
		5E7477089F507E80DEEA71E7 /* Pods */ = {
			isa = PBXGroup;
			children = (
				086CE6DEC4D4ACCDA751E310 /* Pods-AFNetworkingDemo.debug.xcconfig */,
				98FA90CD7AF9593DB6A5F417 /* Pods-AFNetworkingDemo.release.xcconfig */,
			);
			name = Pods;
			sourceTree = "<group>";
		};
		FAABC7D1217DD8AD0020F97D = {
			isa = PBXGroup;
			children = (
				FAABC7F3217DDA810020F97D /* AFNetwork */,
				FAABC7DC217DD8AD0020F97D /* AFNetworkingDemo */,
				FAABC7DB217DD8AD0020F97D /* Products */,
				5E7477089F507E80DEEA71E7 /* Pods */,
				FB2B5635AD40049511E65406 /* Frameworks */,
			);
			sourceTree = "<group>";
		};
		FAABC7DB217DD8AD0020F97D /* Products */ = {
			isa = PBXGroup;
			children = (
				FAABC7DA217DD8AD0020F97D /* AFNetworkingDemo.app */,
			);
			name = Products;
			sourceTree = "<group>";
		};
		FAABC7DC217DD8AD0020F97D /* AFNetworkingDemo */ = {
			isa = PBXGroup;
			children = (
				FAABC7DD217DD8AD0020F97D /* AppDelegate.h */,
				FAABC7DE217DD8AD0020F97D /* AppDelegate.m */,
				FAABC7E0217DD8AD0020F97D /* ViewController.h */,
				FAABC7E1217DD8AD0020F97D /* ViewController.m */,
				FAABC7E3217DD8AD0020F97D /* Main.storyboard */,
				FAABC7E6217DD8AF0020F97D /* Assets.xcassets */,
				FAABC7E8217DD8AF0020F97D /* LaunchScreen.storyboard */,
				FAABC7EB217DD8AF0020F97D /* Info.plist */,
				FAABC7EC217DD8AF0020F97D /* main.m */,
			);
			path = AFNetworkingDemo;
			sourceTree = "<group>";
		};
		FAABC7F3217DDA810020F97D /* AFNetwork */ = {
			isa = PBXGroup;
			children = (
				FAABC7F4217DDACC0020F97D /* AFNetwork.h */,
				FAABC7F5217DDACC0020F97D /* AFNetwork.m */,
				FAABC7F7217EAFC30020F97D /* AFNetworkHandle.h */,
				FAABC7F8217EAFC30020F97D /* AFNetworkHandle.m */,
			);
			path = AFNetwork;
			sourceTree = "<group>";
		};
		FB2B5635AD40049511E65406 /* Frameworks */ = {
			isa = PBXGroup;
			children = (
				8FBD0283E5FE6303680CEF28 /* libPods-AFNetworkingDemo.a */,
			);
			name = Frameworks;
			sourceTree = "<group>";
		};
/* End PBXGroup section */

/* Begin PBXNativeTarget section */
		FAABC7D9217DD8AD0020F97D /* AFNetworkingDemo */ = {
			isa = PBXNativeTarget;
			buildConfigurationList = FAABC7F0217DD8AF0020F97D /* Build configuration list for PBXNativeTarget "AFNetworkingDemo" */;
			buildPhases = (
				2BE1D1B21E43960B694BF4E3 /* [CP] Check Pods Manifest.lock */,
				FAABC7D6217DD8AD0020F97D /* Sources */,
				FAABC7D7217DD8AD0020F97D /* Frameworks */,
				FAABC7D8217DD8AD0020F97D /* Resources */,
			);
			buildRules = (
			);
			dependencies = (
			);
			name = AFNetworkingDemo;
			productName = AFNetworkingDemo;
			productReference = FAABC7DA217DD8AD0020F97D /* AFNetworkingDemo.app */;
			productType = "com.apple.product-type.application";
		};
/* End PBXNativeTarget section */

/* Begin PBXProject section */
		FAABC7D2217DD8AD0020F97D /* Project object */ = {
			isa = PBXProject;
			attributes = {
				LastUpgradeCheck = 1000;
				ORGANIZATIONNAME = CL;
				TargetAttributes = {
					FAABC7D9217DD8AD0020F97D = {
						CreatedOnToolsVersion = 10.0;
					};
				};
			};
			buildConfigurationList = FAABC7D5217DD8AD0020F97D /* Build configuration list for PBXProject "AFNetworkingDemo" */;
			compatibilityVersion = "Xcode 9.3";
			developmentRegion = en;
			hasScannedForEncodings = 0;
			knownRegions = (
				en,
				Base,
			);
			mainGroup = FAABC7D1217DD8AD0020F97D;
			productRefGroup = FAABC7DB217DD8AD0020F97D /* Products */;
			projectDirPath = "";
			projectRoot = "";
			targets = (
				FAABC7D9217DD8AD0020F97D /* AFNetworkingDemo */,
			);
		};
/* End PBXProject section */

/* Begin PBXResourcesBuildPhase section */
		FAABC7D8217DD8AD0020F97D /* Resources */ = {
			isa = PBXResourcesBuildPhase;
			buildActionMask = 2147483647;
			files = (
				FAABC7EA217DD8AF0020F97D /* LaunchScreen.storyboard in Resources */,
				FAABC7E7217DD8AF0020F97D /* Assets.xcassets in Resources */,
				FAABC7E5217DD8AE0020F97D /* Main.storyboard in Resources */,
			);
			runOnlyForDeploymentPostprocessing = 0;
		};
/* End PBXResourcesBuildPhase section */

/* Begin PBXShellScriptBuildPhase section */
		2BE1D1B21E43960B694BF4E3 /* [CP] Check Pods Manifest.lock */ = {
			isa = PBXShellScriptBuildPhase;
			buildActionMask = 2147483647;
			files = (
			);
			inputPaths = (
				"${PODS_PODFILE_DIR_PATH}/Podfile.lock",
				"${PODS_ROOT}/Manifest.lock",
			);
			name = "[CP] Check Pods Manifest.lock";
			outputPaths = (
				"$(DERIVED_FILE_DIR)/Pods-AFNetworkingDemo-checkManifestLockResult.txt",
			);
			runOnlyForDeploymentPostprocessing = 0;
			shellPath = /bin/sh;
			shellScript = "diff \"${PODS_PODFILE_DIR_PATH}/Podfile.lock\" \"${PODS_ROOT}/Manifest.lock\" > /dev/null\nif [ $? != 0 ] ; then\n    # print error to STDERR\n    echo \"error: The sandbox is not in sync with the Podfile.lock. Run 'pod install' or update your CocoaPods installation.\" >&2\n    exit 1\nfi\n# This output is used by Xcode 'outputs' to avoid re-running this script phase.\necho \"SUCCESS\" > \"${SCRIPT_OUTPUT_FILE_0}\"\n";
			showEnvVarsInLog = 0;
		};
/* End PBXShellScriptBuildPhase section */

/* Begin PBXSourcesBuildPhase section */
		FAABC7D6217DD8AD0020F97D /* Sources */ = {
			isa = PBXSourcesBuildPhase;
			buildActionMask = 2147483647;
			files = (
				FAABC7E2217DD8AD0020F97D /* ViewController.m in Sources */,
				FAABC7ED217DD8AF0020F97D /* main.m in Sources */,
				FAABC7DF217DD8AD0020F97D /* AppDelegate.m in Sources */,
				FAABC7F6217DDACC0020F97D /* AFNetwork.m in Sources */,
				FAABC7F9217EAFC30020F97D /* AFNetworkHandle.m in Sources */,
			);
			runOnlyForDeploymentPostprocessing = 0;
		};
/* End PBXSourcesBuildPhase section */

/* Begin PBXVariantGroup section */
		FAABC7E3217DD8AD0020F97D /* Main.storyboard */ = {
			isa = PBXVariantGroup;
			children = (
				FAABC7E4217DD8AD0020F97D /* Base */,
			);
			name = Main.storyboard;
			sourceTree = "<group>";
		};
		FAABC7E8217DD8AF0020F97D /* LaunchScreen.storyboard */ = {
			isa = PBXVariantGroup;
			children = (
				FAABC7E9217DD8AF0020F97D /* Base */,
			);
			name = LaunchScreen.storyboard;
			sourceTree = "<group>";
		};
/* End PBXVariantGroup section */

/* Begin XCBuildConfiguration section */
		FAABC7EE217DD8AF0020F97D /* Debug */ = {
			isa = XCBuildConfiguration;
			buildSettings = {
				ALWAYS_SEARCH_USER_PATHS = NO;
				CLANG_ANALYZER_NONNULL = YES;
				CLANG_ANALYZER_NUMBER_OBJECT_CONVERSION = YES_AGGRESSIVE;
				CLANG_CXX_LANGUAGE_STANDARD = "gnu++14";
				CLANG_CXX_LIBRARY = "libc++";
				CLANG_ENABLE_MODULES = YES;
				CLANG_ENABLE_OBJC_ARC = YES;
				CLANG_ENABLE_OBJC_WEAK = YES;
				CLANG_WARN_BLOCK_CAPTURE_AUTORELEASING = YES;
				CLANG_WARN_BOOL_CONVERSION = YES;
				CLANG_WARN_COMMA = YES;
				CLANG_WARN_CONSTANT_CONVERSION = YES;
				CLANG_WARN_DEPRECATED_OBJC_IMPLEMENTATIONS = YES;
				CLANG_WARN_DIRECT_OBJC_ISA_USAGE = YES_ERROR;
				CLANG_WARN_DOCUMENTATION_COMMENTS = YES;
				CLANG_WARN_EMPTY_BODY = YES;
				CLANG_WARN_ENUM_CONVERSION = YES;
				CLANG_WARN_INFINITE_RECURSION = YES;
				CLANG_WARN_INT_CONVERSION = YES;
				CLANG_WARN_NON_LITERAL_NULL_CONVERSION = YES;
				CLANG_WARN_OBJC_IMPLICIT_RETAIN_SELF = YES;
				CLANG_WARN_OBJC_LITERAL_CONVERSION = YES;
				CLANG_WARN_OBJC_ROOT_CLASS = YES_ERROR;
				CLANG_WARN_RANGE_LOOP_ANALYSIS = YES;
				CLANG_WARN_STRICT_PROTOTYPES = YES;
				CLANG_WARN_SUSPICIOUS_MOVE = YES;
				CLANG_WARN_UNGUARDED_AVAILABILITY = YES_AGGRESSIVE;
				CLANG_WARN_UNREACHABLE_CODE = YES;
				CLANG_WARN__DUPLICATE_METHOD_MATCH = YES;
				CODE_SIGN_IDENTITY = "iPhone Developer";
				COPY_PHASE_STRIP = NO;
				DEBUG_INFORMATION_FORMAT = dwarf;
				ENABLE_STRICT_OBJC_MSGSEND = YES;
				ENABLE_TESTABILITY = YES;
				GCC_C_LANGUAGE_STANDARD = gnu11;
				GCC_DYNAMIC_NO_PIC = NO;
				GCC_NO_COMMON_BLOCKS = YES;
				GCC_OPTIMIZATION_LEVEL = 0;
				GCC_PREPROCESSOR_DEFINITIONS = (
					"DEBUG=1",
					"$(inherited)",
				);
				GCC_WARN_64_TO_32_BIT_CONVERSION = YES;
				GCC_WARN_ABOUT_RETURN_TYPE = YES_ERROR;
				GCC_WARN_UNDECLARED_SELECTOR = YES;
				GCC_WARN_UNINITIALIZED_AUTOS = YES_AGGRESSIVE;
				GCC_WARN_UNUSED_FUNCTION = YES;
				GCC_WARN_UNUSED_VARIABLE = YES;
				IPHONEOS_DEPLOYMENT_TARGET = 9.0;
				MTL_ENABLE_DEBUG_INFO = INCLUDE_SOURCE;
				MTL_FAST_MATH = YES;
				ONLY_ACTIVE_ARCH = YES;
				SDKROOT = iphoneos;
			};
			name = Debug;
		};
		FAABC7EF217DD8AF0020F97D /* Release */ = {
			isa = XCBuildConfiguration;
			buildSettings = {
				ALWAYS_SEARCH_USER_PATHS = NO;
				CLANG_ANALYZER_NONNULL = YES;
				CLANG_ANALYZER_NUMBER_OBJECT_CONVERSION = YES_AGGRESSIVE;
				CLANG_CXX_LANGUAGE_STANDARD = "gnu++14";
				CLANG_CXX_LIBRARY = "libc++";
				CLANG_ENABLE_MODULES = YES;
				CLANG_ENABLE_OBJC_ARC = YES;
				CLANG_ENABLE_OBJC_WEAK = YES;
				CLANG_WARN_BLOCK_CAPTURE_AUTORELEASING = YES;
				CLANG_WARN_BOOL_CONVERSION = YES;
				CLANG_WARN_COMMA = YES;
				CLANG_WARN_CONSTANT_CONVERSION = YES;
				CLANG_WARN_DEPRECATED_OBJC_IMPLEMENTATIONS = YES;
				CLANG_WARN_DIRECT_OBJC_ISA_USAGE = YES_ERROR;
				CLANG_WARN_DOCUMENTATION_COMMENTS = YES;
				CLANG_WARN_EMPTY_BODY = YES;
				CLANG_WARN_ENUM_CONVERSION = YES;
				CLANG_WARN_INFINITE_RECURSION = YES;
				CLANG_WARN_INT_CONVERSION = YES;
				CLANG_WARN_NON_LITERAL_NULL_CONVERSION = YES;
				CLANG_WARN_OBJC_IMPLICIT_RETAIN_SELF = YES;
				CLANG_WARN_OBJC_LITERAL_CONVERSION = YES;
				CLANG_WARN_OBJC_ROOT_CLASS = YES_ERROR;
				CLANG_WARN_RANGE_LOOP_ANALYSIS = YES;
				CLANG_WARN_STRICT_PROTOTYPES = YES;
				CLANG_WARN_SUSPICIOUS_MOVE = YES;
				CLANG_WARN_UNGUARDED_AVAILABILITY = YES_AGGRESSIVE;
				CLANG_WARN_UNREACHABLE_CODE = YES;
				CLANG_WARN__DUPLICATE_METHOD_MATCH = YES;
				CODE_SIGN_IDENTITY = "iPhone Developer";
				COPY_PHASE_STRIP = NO;
				DEBUG_INFORMATION_FORMAT = "dwarf-with-dsym";
				ENABLE_NS_ASSERTIONS = NO;
				ENABLE_STRICT_OBJC_MSGSEND = YES;
				GCC_C_LANGUAGE_STANDARD = gnu11;
				GCC_NO_COMMON_BLOCKS = YES;
				GCC_WARN_64_TO_32_BIT_CONVERSION = YES;
				GCC_WARN_ABOUT_RETURN_TYPE = YES_ERROR;
				GCC_WARN_UNDECLARED_SELECTOR = YES;
				GCC_WARN_UNINITIALIZED_AUTOS = YES_AGGRESSIVE;
				GCC_WARN_UNUSED_FUNCTION = YES;
				GCC_WARN_UNUSED_VARIABLE = YES;
				IPHONEOS_DEPLOYMENT_TARGET = 9.0;
				MTL_ENABLE_DEBUG_INFO = NO;
				MTL_FAST_MATH = YES;
				SDKROOT = iphoneos;
				VALIDATE_PRODUCT = YES;
			};
			name = Release;
		};
		FAABC7F1217DD8AF0020F97D /* Debug */ = {
			isa = XCBuildConfiguration;
			baseConfigurationReference = 086CE6DEC4D4ACCDA751E310 /* Pods-AFNetworkingDemo.debug.xcconfig */;
			buildSettings = {
				ASSETCATALOG_COMPILER_APPICON_NAME = AppIcon;
				CODE_SIGN_STYLE = Automatic;
				INFOPLIST_FILE = AFNetworkingDemo/Info.plist;
				IPHONEOS_DEPLOYMENT_TARGET = 9.0;
				LD_RUNPATH_SEARCH_PATHS = (
					"$(inherited)",
					"@executable_path/Frameworks",
				);
				PRODUCT_BUNDLE_IDENTIFIER = com.cl.AFNetworkingDemo;
				PRODUCT_NAME = "$(TARGET_NAME)";
				TARGETED_DEVICE_FAMILY = "1,2";
			};
			name = Debug;
		};
		FAABC7F2217DD8AF0020F97D /* Release */ = {
			isa = XCBuildConfiguration;
			baseConfigurationReference = 98FA90CD7AF9593DB6A5F417 /* Pods-AFNetworkingDemo.release.xcconfig */;
			buildSettings = {
				ASSETCATALOG_COMPILER_APPICON_NAME = AppIcon;
				CODE_SIGN_STYLE = Automatic;
				INFOPLIST_FILE = AFNetworkingDemo/Info.plist;
				IPHONEOS_DEPLOYMENT_TARGET = 9.0;
				LD_RUNPATH_SEARCH_PATHS = (
					"$(inherited)",
					"@executable_path/Frameworks",
				);
				PRODUCT_BUNDLE_IDENTIFIER = com.cl.AFNetworkingDemo;
				PRODUCT_NAME = "$(TARGET_NAME)";
				TARGETED_DEVICE_FAMILY = "1,2";
			};
			name = Release;
		};
/* End XCBuildConfiguration section */

/* Begin XCConfigurationList section */
		FAABC7D5217DD8AD0020F97D /* Build configuration list for PBXProject "AFNetworkingDemo" */ = {
			isa = XCConfigurationList;
			buildConfigurations = (
				FAABC7EE217DD8AF0020F97D /* Debug */,
				FAABC7EF217DD8AF0020F97D /* Release */,
			);
			defaultConfigurationIsVisible = 0;
			defaultConfigurationName = Release;
		};
		FAABC7F0217DD8AF0020F97D /* Build configuration list for PBXNativeTarget "AFNetworkingDemo" */ = {
			isa = XCConfigurationList;
			buildConfigurations = (
				FAABC7F1217DD8AF0020F97D /* Debug */,
				FAABC7F2217DD8AF0020F97D /* Release */,
			);
			defaultConfigurationIsVisible = 0;
			defaultConfigurationName = Release;
		};
/* End XCConfigurationList section */
	};
	rootObject = FAABC7D2217DD8AD0020F97D /* Project object */;
}
